
Microsoft Visual Studio Solution File, Format Version 12.00
# Visual Studio Version 16
VisualStudioVersion = 16.0.30907.101
MinimumVisualStudioVersion = 10.0.40219.1
Project("{9A19103F-16F7-4668-BE54-9A1E7A4F7556}") = "DataAccess", "DataAccess\DataAccess.csproj", "{80D195B8-9887-4751-A077-CF61636C00D7}"
EndProject
Project("{9A19103F-16F7-4668-BE54-9A1E7A4F7556}") = "Business", "Business\Business.csproj", "{71465420-5A3E-4B3A-A87A-38B141EDF25D}"
EndProject
Project("{9A19103F-16F7-4668-BE54-9A1E7A4F7556}") = "Entities", "Entities\Entities.csproj", "{B1148412-B19D-4B60-8894-092CCEE13802}"
EndProject
Project("{9A19103F-16F7-4668-BE54-9A1E7A4F7556}") = "ConsoleUI", "ConsoleUI\ConsoleUI.csproj", "{7EAF36F6-0363-4095-A823-B2EA2D9B658C}"
EndProject
Project("{9A19103F-16F7-4668-BE54-9A1E7A4F7556}") = "Core", "Core\Core.csproj", "{C4FA595B-6269-42DE-B408-4D00A4415196}"
EndProject
Project("{FAE04EC0-301F-11D3-BF4B-00C04F79EFBC}") = "WebAPI", "WebAPI\WebAPI.csproj", "{05D16FB3-D35B-4B31-BBB1-7D751F7FD1CD}"
EndProject
Global
	GlobalSection(SolutionConfigurationPlatforms) = preSolution
		Debug|Any CPU = Debug|Any CPU
		Release|Any CPU = Release|Any CPU
	EndGlobalSection
	GlobalSection(ProjectConfigurationPlatforms) = postSolution
		{80D195B8-9887-4751-A077-CF61636C00D7}.Debug|Any CPU.ActiveCfg = Debug|Any CPU
		{80D195B8-9887-4751-A077-CF61636C00D7}.Debug|Any CPU.Build.0 = Debug|Any CPU
		{80D195B8-9887-4751-A077-CF61636C00D7}.Release|Any CPU.ActiveCfg = Release|Any CPU
		{80D195B8-9887-4751-A077-CF61636C00D7}.Release|Any CPU.Build.0 = Release|Any CPU
		{71465420-5A3E-4B3A-A87A-38B141EDF25D}.Debug|Any CPU.ActiveCfg = Debug|Any CPU
		{71465420-5A3E-4B3A-A87A-38B141EDF25D}.Debug|Any CPU.Build.0 = Debug|Any CPU
		{71465420-5A3E-4B3A-A87A-38B141EDF25D}.Release|Any CPU.ActiveCfg = Release|Any CPU
		{71465420-5A3E-4B3A-A87A-38B141EDF25D}.Release|Any CPU.Build.0 = Release|Any CPU
		{B1148412-B19D-4B60-8894-092CCEE13802}.Debug|Any CPU.ActiveCfg = Debug|Any CPU
		{B1148412-B19D-4B60-8894-092CCEE13802}.Debug|Any CPU.Build.0 = Debug|Any CPU
		{B1148412-B19D-4B60-8894-092CCEE13802}.Release|Any CPU.ActiveCfg = Release|Any CPU
		{B1148412-B19D-4B60-8894-092CCEE13802}.Release|Any CPU.Build.0 = Release|Any CPU
		{7EAF36F6-0363-4095-A823-B2EA2D9B658C}.Debug|Any CPU.ActiveCfg = Debug|Any CPU
		{7EAF36F6-0363-4095-A823-B2EA2D9B658C}.Debug|Any CPU.Build.0 = Debug|Any CPU
		{7EAF36F6-0363-4095-A823-B2EA2D9B658C}.Release|Any CPU.ActiveCfg = Release|Any CPU
		{7EAF36F6-0363-4095-A823-B2EA2D9B658C}.Release|Any CPU.Build.0 = Release|Any CPU
		{C4FA595B-6269-42DE-B408-4D00A4415196}.Debug|Any CPU.ActiveCfg = Debug|Any CPU
		{C4FA595B-6269-42DE-B408-4D00A4415196}.Debug|Any CPU.Build.0 = Debug|Any CPU
		{C4FA595B-6269-42DE-B408-4D00A4415196}.Release|Any CPU.ActiveCfg = Release|Any CPU
		{C4FA595B-6269-42DE-B408-4D00A4415196}.Release|Any CPU.Build.0 = Release|Any CPU
		{05D16FB3-D35B-4B31-BBB1-7D751F7FD1CD}.Debug|Any CPU.ActiveCfg = Debug|Any CPU
		{05D16FB3-D35B-4B31-BBB1-7D751F7FD1CD}.Debug|Any CPU.Build.0 = Debug|Any CPU
		{05D16FB3-D35B-4B31-BBB1-7D751F7FD1CD}.Release|Any CPU.ActiveCfg = Release|Any CPU
		{05D16FB3-D35B-4B31-BBB1-7D751F7FD1CD}.Release|Any CPU.Build.0 = Release|Any CPU
	EndGlobalSection
	GlobalSection(SolutionProperties) = preSolution
		HideSolutionNode = FALSE
	EndGlobalSection
	GlobalSection(ExtensibilityGlobals) = postSolution
		SolutionGuid = {430B2E3D-2488-4B85-8081-1E56EC44BED0}
	EndGlobalSection
EndGlobal
